# This file is autogenerated, do not edit; changes may be undone by the next 'dep ensure'.


[[projects]]
  branch = "master"
  name = "github.com/blendlabs/go-exception"
  packages = ["."]
  revision = "d3934f941cb001f2b61a69b25dbc76eab3e6ff29"

[[projects]]
  branch = "master"
  name = "github.com/golang/freetype"
  packages = ["raster","truetype"]
  revision = "e2365dfdc4a05e4b8299a783240d4a7d5a65d4e4"

[[projects]]
  name = "github.com/wcharczuk/go-chart"
  packages = [".","drawing"]
  revision = "fc2973067ce43455507ea5f9aa9814aabbf8f2ca"
  version = "v2.0"

[[projects]]
  branch = "master"
  name = "golang.org/x/image"
  packages = ["draw","font","math/f64","math/fixed"]
  revision = "426cfd8eeb6e08ab1932954e09e3c2cb2bc6e36d"

[solve-meta]
  analyzer-name = "dep"
  analyzer-version = 1
  inputs-digest = "4ab1b4b160930687696aa236a88144992bf09240365bad1c2b59c7eb7cf24a84"
  solver-name = "gps-cdcl"
  solver-version = 1
